<?xml version="1.0" encoding="utf-8"?>
<Project ToolsVersion="4.0" xmlns="http://schemas.microsoft.com/developer/msbuild/2003">
  <ItemGroup>
    <Filter Include="Source Files">
      <UniqueIdentifier>{522d4ed6-5dd0-4093-93ac-665560be70d3}</UniqueIdentifier>
      <Extensions>cpp;c;cxx;rc;def;r;odl;idl;hpj;bat</Extensions>
    </Filter>
    <Filter Include="Header Files">
      <UniqueIdentifier>{3dd0934d-0024-41b1-9274-3b172e949216}</UniqueIdentifier>
      <Extensions>h;hpp;hxx;hm;inl</Extensions>
    </Filter>
    <Filter Include="Resource Files">
      <UniqueIdentifier>{ed98a2a6-1cf2-4e04-ada0-9d1d7cd22d96}</UniqueIdentifier>
      <Extensions>ico;cur;bmp;dlg;rc2;rct;bin;rgs;gif;jpg;jpeg;jpe</Extensions>
    </Filter>
  </ItemGroup>
  <ItemGroup>
    <ClCompile Include="globals.cpp">
      <Filter>Source Files</Filter>
    </ClCompile>
    <ClCompile Include="matrix.cpp">
      <Filter>Source Files</Filter>
    </ClCompile>
    <ClCompile Include="mmgr.cpp">
      <Filter>Source Files</Filter>
    </ClCompile>
    <ClCompile Include="RegistryListenerThread.cpp">
      <Filter>Source Files</Filter>
    </ClCompile>
    <ClCompile Include="TopLevelListenerWindow.cpp">
      <Filter>Source Files</Filter>
    </ClCompile>
  </ItemGroup>
  <ItemGroup>
    <ClInclude Include="globals.h">
      <Filter>Header Files</Filter>
    </ClInclude>
    <ClInclude Include="mmgr.h">
      <Filter>Header Files</Filter>
    </ClInclude>
    <ClInclude Include="nommgr.h">
      <Filter>Header Files</Filter>
    </ClInclude>
    <ClInclude Include="RegistryListenerThread.h">
      <Filter>Header Files</Filter>
    </ClInclude>
    <ClInclude Include="TopLevelListenerWindow.h">
      <Filter>Header Files</Filter>
    </ClInclude>
  </ItemGroup>
  <ItemGroup>
    <ResourceCompile Include="matrix.rc">
      <Filter>Resource Files</Filter>
    </ResourceCompile>
  </ItemGroup>
  <ItemGroup>
    <Image Include="ZMatrix.ico">
      <Filter>Resource Files</Filter>
    </Image>
  </ItemGroup>
</Project>